
Microsoft Visual Studio Solution File, Format Version 12.00
# Visual Studio 15
VisualStudioVersion = 15.0.28010.2036
MinimumVisualStudioVersion = 10.0.40219.1
Project("{FAE04EC0-301F-11D3-BF4B-00C04F79EFBC}") = "Consul.gRpcService.Hosting", "Consul.gRpcService.Hosting\Consul.gRpcService.Hosting.csproj", "{1C351671-E615-420A-8056-61CC80716D19}"
EndProject
Project("{FAE04EC0-301F-11D3-BF4B-00C04F79EFBC}") = "Consul.gRpcService.Protocol", "Consul.gRpcService.Protocol\Consul.gRpcService.Protocol.csproj", "{9E229DC1-DFA0-4C02-89F7-366A030FDFAF}"
EndProject
Project("{FAE04EC0-301F-11D3-BF4B-00C04F79EFBC}") = "Consul.gRpcService.Impl", "Consul.gRpcService.Impl\Consul.gRpcService.Impl.csproj", "{671D8EC2-A211-41C0-BCE3-207D7D7D0C9E}"
EndProject
Project("{2150E333-8FDC-42A3-9474-1A3956D46DE8}") = "Consul", "Consul", "{850F3857-24EB-43A4-87B3-FB1CC1650C70}"
	ProjectSection(SolutionItems) = preProject
		Consul\consul.exe = Consul\consul.exe
		Consul\startup.bat = Consul\startup.bat
	EndProjectSection
EndProject
Project("{FAE04EC0-301F-11D3-BF4B-00C04F79EFBC}") = "Consul.gRpcService.GrpcClient", "Consul.gRpcService.GrpcClient\Consul.gRpcService.GrpcClient.csproj", "{FC8A1858-60A1-45A4-8D5B-8A1920532073}"
EndProject
Global
	GlobalSection(SolutionConfigurationPlatforms) = preSolution
		Debug|Any CPU = Debug|Any CPU
		Release|Any CPU = Release|Any CPU
	EndGlobalSection
	GlobalSection(ProjectConfigurationPlatforms) = postSolution
		{1C351671-E615-420A-8056-61CC80716D19}.Debug|Any CPU.ActiveCfg = Debug|Any CPU
		{1C351671-E615-420A-8056-61CC80716D19}.Debug|Any CPU.Build.0 = Debug|Any CPU
		{1C351671-E615-420A-8056-61CC80716D19}.Release|Any CPU.ActiveCfg = Release|Any CPU
		{1C351671-E615-420A-8056-61CC80716D19}.Release|Any CPU.Build.0 = Release|Any CPU
		{9E229DC1-DFA0-4C02-89F7-366A030FDFAF}.Debug|Any CPU.ActiveCfg = Debug|Any CPU
		{9E229DC1-DFA0-4C02-89F7-366A030FDFAF}.Debug|Any CPU.Build.0 = Debug|Any CPU
		{9E229DC1-DFA0-4C02-89F7-366A030FDFAF}.Release|Any CPU.ActiveCfg = Release|Any CPU
		{9E229DC1-DFA0-4C02-89F7-366A030FDFAF}.Release|Any CPU.Build.0 = Release|Any CPU
		{671D8EC2-A211-41C0-BCE3-207D7D7D0C9E}.Debug|Any CPU.ActiveCfg = Debug|Any CPU
		{671D8EC2-A211-41C0-BCE3-207D7D7D0C9E}.Debug|Any CPU.Build.0 = Debug|Any CPU
		{671D8EC2-A211-41C0-BCE3-207D7D7D0C9E}.Release|Any CPU.ActiveCfg = Release|Any CPU
		{671D8EC2-A211-41C0-BCE3-207D7D7D0C9E}.Release|Any CPU.Build.0 = Release|Any CPU
		{FC8A1858-60A1-45A4-8D5B-8A1920532073}.Debug|Any CPU.ActiveCfg = Debug|Any CPU
		{FC8A1858-60A1-45A4-8D5B-8A1920532073}.Debug|Any CPU.Build.0 = Debug|Any CPU
		{FC8A1858-60A1-45A4-8D5B-8A1920532073}.Release|Any CPU.ActiveCfg = Release|Any CPU
		{FC8A1858-60A1-45A4-8D5B-8A1920532073}.Release|Any CPU.Build.0 = Release|Any CPU
	EndGlobalSection
	GlobalSection(SolutionProperties) = preSolution
		HideSolutionNode = FALSE
	EndGlobalSection
	GlobalSection(ExtensibilityGlobals) = postSolution
		SolutionGuid = {D22BB7A6-ED1F-4973-8083-A387417A1E6E}
	EndGlobalSection
EndGlobal
